// !$*UTF8*$!
{
	archiveVersion = 1;
	classes = {
	};
	objectVersion = 46;
	objects = {

/* Begin PBXBuildFile section */
		4D953FB81C6EB5F50096565A /* AppDelegate.swift in Sources */ = {isa = PBXBuildFile; fileRef = 4D953FB71C6EB5F50096565A /* AppDelegate.swift */; };
		4D953FBA1C6EB5F50096565A /* ViewController.swift in Sources */ = {isa = PBXBuildFile; fileRef = 4D953FB91C6EB5F50096565A /* ViewController.swift */; };
		4D953FBD1C6EB5F50096565A /* Main.storyboard in Resources */ = {isa = PBXBuildFile; fileRef = 4D953FBB1C6EB5F50096565A /* Main.storyboard */; };
		4D953FBF1C6EB5F50096565A /* Assets.xcassets in Resources */ = {isa = PBXBuildFile; fileRef = 4D953FBE1C6EB5F50096565A /* Assets.xcassets */; };
		4D953FC21C6EB5F50096565A /* LaunchScreen.storyboard in Resources */ = {isa = PBXBuildFile; fileRef = 4D953FC01C6EB5F50096565A /* LaunchScreen.storyboard */; };
		4D953FCD1C6EB5F50096565A /* EasyMortgageTests.swift in Sources */ = {isa = PBXBuildFile; fileRef = 4D953FCC1C6EB5F50096565A /* EasyMortgageTests.swift */; };
		4D953FD81C6EB5F50096565A /* EasyMortgageUITests.swift in Sources */ = {isa = PBXBuildFile; fileRef = 4D953FD71C6EB5F50096565A /* EasyMortgageUITests.swift */; };
		4DCA5DD21C70DDB70074F4A4 /* MortgageCalculations.swift in Sources */ = {isa = PBXBuildFile; fileRef = 4DCA5DD11C70DDB70074F4A4 /* MortgageCalculations.swift */; };
		4DCA5DD51C70DE3E0074F4A4 /* MortgageData.swift in Sources */ = {isa = PBXBuildFile; fileRef = 4DCA5DD41C70DE3E0074F4A4 /* MortgageData.swift */; };
		4DCA5DDA1C70DECD0074F4A4 /* MortgageCalculationInterface.swift in Sources */ = {isa = PBXBuildFile; fileRef = 4DCA5DD91C70DECD0074F4A4 /* MortgageCalculationInterface.swift */; };
		4DCA5DDF1C725CAA0074F4A4 /* MortgageDisplayItem.swift in Sources */ = {isa = PBXBuildFile; fileRef = 4DCA5DDE1C725CAA0074F4A4 /* MortgageDisplayItem.swift */; };
/* End PBXBuildFile section */

/* Begin PBXContainerItemProxy section */
		4D953FC91C6EB5F50096565A /* PBXContainerItemProxy */ = {
			isa = PBXContainerItemProxy;
			containerPortal = 4D953FAC1C6EB5F50096565A /* Project object */;
			proxyType = 1;
			remoteGlobalIDString = 4D953FB31C6EB5F50096565A;
			remoteInfo = EasyMortgage;
		};
		4D953FD41C6EB5F50096565A /* PBXContainerItemProxy */ = {
			isa = PBXContainerItemProxy;
			containerPortal = 4D953FAC1C6EB5F50096565A /* Project object */;
			proxyType = 1;
			remoteGlobalIDString = 4D953FB31C6EB5F50096565A;
			remoteInfo = EasyMortgage;
		};
/* End PBXContainerItemProxy section */

/* Begin PBXFileReference section */
		4D953FB41C6EB5F50096565A /* EasyMortgage.app */ = {isa = PBXFileReference; explicitFileType = wrapper.application; includeInIndex = 0; path = EasyMortgage.app; sourceTree = BUILT_PRODUCTS_DIR; };
		4D953FB71C6EB5F50096565A /* AppDelegate.swift */ = {isa = PBXFileReference; lastKnownFileType = sourcecode.swift; path = AppDelegate.swift; sourceTree = "<group>"; };
		4D953FB91C6EB5F50096565A /* ViewController.swift */ = {isa = PBXFileReference; lastKnownFileType = sourcecode.swift; path = ViewController.swift; sourceTree = "<group>"; };
		4D953FBC1C6EB5F50096565A /* Base */ = {isa = PBXFileReference; lastKnownFileType = file.storyboard; name = Base; path = Base.lproj/Main.storyboard; sourceTree = "<group>"; };
		4D953FBE1C6EB5F50096565A /* Assets.xcassets */ = {isa = PBXFileReference; lastKnownFileType = folder.assetcatalog; path = Assets.xcassets; sourceTree = "<group>"; };
		4D953FC11C6EB5F50096565A /* Base */ = {isa = PBXFileReference; lastKnownFileType = file.storyboard; name = Base; path = Base.lproj/LaunchScreen.storyboard; sourceTree = "<group>"; };
		4D953FC31C6EB5F50096565A /* Info.plist */ = {isa = PBXFileReference; lastKnownFileType = text.plist.xml; path = Info.plist; sourceTree = "<group>"; };
		4D953FC81C6EB5F50096565A /* EasyMortgageTests.xctest */ = {isa = PBXFileReference; explicitFileType = wrapper.cfbundle; includeInIndex = 0; path = EasyMortgageTests.xctest; sourceTree = BUILT_PRODUCTS_DIR; };
		4D953FCC1C6EB5F50096565A /* EasyMortgageTests.swift */ = {isa = PBXFileReference; lastKnownFileType = sourcecode.swift; path = EasyMortgageTests.swift; sourceTree = "<group>"; };
		4D953FCE1C6EB5F50096565A /* Info.plist */ = {isa = PBXFileReference; lastKnownFileType = text.plist.xml; path = Info.plist; sourceTree = "<group>"; };
		4D953FD31C6EB5F50096565A /* EasyMortgageUITests.xctest */ = {isa = PBXFileReference; explicitFileType = wrapper.cfbundle; includeInIndex = 0; path = EasyMortgageUITests.xctest; sourceTree = BUILT_PRODUCTS_DIR; };
		4D953FD71C6EB5F50096565A /* EasyMortgageUITests.swift */ = {isa = PBXFileReference; lastKnownFileType = sourcecode.swift; path = EasyMortgageUITests.swift; sourceTree = "<group>"; };
		4D953FD91C6EB5F50096565A /* Info.plist */ = {isa = PBXFileReference; lastKnownFileType = text.plist.xml; path = Info.plist; sourceTree = "<group>"; };
		4DCA5DD11C70DDB70074F4A4 /* MortgageCalculations.swift */ = {isa = PBXFileReference; fileEncoding = 4; lastKnownFileType = sourcecode.swift; path = MortgageCalculations.swift; sourceTree = "<group>"; };
		4DCA5DD41C70DE3E0074F4A4 /* MortgageData.swift */ = {isa = PBXFileReference; fileEncoding = 4; lastKnownFileType = sourcecode.swift; path = MortgageData.swift; sourceTree = "<group>"; };
		4DCA5DD91C70DECD0074F4A4 /* MortgageCalculationInterface.swift */ = {isa = PBXFileReference; fileEncoding = 4; lastKnownFileType = sourcecode.swift; path = MortgageCalculationInterface.swift; sourceTree = "<group>"; };
		4DCA5DDE1C725CAA0074F4A4 /* MortgageDisplayItem.swift */ = {isa = PBXFileReference; fileEncoding = 4; lastKnownFileType = sourcecode.swift; path = MortgageDisplayItem.swift; sourceTree = "<group>"; };
/* End PBXFileReference section */

/* Begin PBXFrameworksBuildPhase section */
		4D953FB11C6EB5F50096565A /* Frameworks */ = {
			isa = PBXFrameworksBuildPhase;
			buildActionMask = 2147483647;
			files = (
			);
			runOnlyForDeploymentPostprocessing = 0;
		};
		4D953FC51C6EB5F50096565A /* Frameworks */ = {
			isa = PBXFrameworksBuildPhase;
			buildActionMask = 2147483647;
			files = (
			);
			runOnlyForDeploymentPostprocessing = 0;
		};
		4D953FD01C6EB5F50096565A /* Frameworks */ = {
			isa = PBXFrameworksBuildPhase;
			buildActionMask = 2147483647;
			files = (
			);
			runOnlyForDeploymentPostprocessing = 0;
		};
/* End PBXFrameworksBuildPhase section */

/* Begin PBXGroup section */
		4D953FAB1C6EB5F50096565A = {
			isa = PBXGroup;
			children = (
				4D953FB61C6EB5F50096565A /* EasyMortgage */,
				4D953FCB1C6EB5F50096565A /* EasyMortgageTests */,
				4D953FD61C6EB5F50096565A /* EasyMortgageUITests */,
				4D953FB51C6EB5F50096565A /* Products */,
			);
			sourceTree = "<group>";
		};
		4D953FB51C6EB5F50096565A /* Products */ = {
			isa = PBXGroup;
			children = (
				4D953FB41C6EB5F50096565A /* EasyMortgage.app */,
				4D953FC81C6EB5F50096565A /* EasyMortgageTests.xctest */,
				4D953FD31C6EB5F50096565A /* EasyMortgageUITests.xctest */,
			);
			name = Products;
			sourceTree = "<group>";
		};
		4D953FB61C6EB5F50096565A /* EasyMortgage */ = {
			isa = PBXGroup;
			children = (
				4DCA5DDB1C725BD30074F4A4 /* Modules */,
				4DCA5DD81C70DE820074F4A4 /* Routers */,
				4DCA5DD31C70DE310074F4A4 /* Entities */,
				4D953FB71C6EB5F50096565A /* AppDelegate.swift */,
				4D953FBB1C6EB5F50096565A /* Main.storyboard */,
				4D953FBE1C6EB5F50096565A /* Assets.xcassets */,
				4D953FC01C6EB5F50096565A /* LaunchScreen.storyboard */,
				4D953FC31C6EB5F50096565A /* Info.plist */,
			);
			path = EasyMortgage;
			sourceTree = "<group>";
		};
		4D953FCB1C6EB5F50096565A /* EasyMortgageTests */ = {
			isa = PBXGroup;
			children = (
				4D953FCC1C6EB5F50096565A /* EasyMortgageTests.swift */,
				4D953FCE1C6EB5F50096565A /* Info.plist */,
			);
			path = EasyMortgageTests;
			sourceTree = "<group>";
		};
		4D953FD61C6EB5F50096565A /* EasyMortgageUITests */ = {
			isa = PBXGroup;
			children = (
				4D953FD71C6EB5F50096565A /* EasyMortgageUITests.swift */,
				4D953FD91C6EB5F50096565A /* Info.plist */,
			);
			path = EasyMortgageUITests;
			sourceTree = "<group>";
		};
		4DCA5DD01C70DD940074F4A4 /* Interactors */ = {
			isa = PBXGroup;
			children = (
				4DCA5DD11C70DDB70074F4A4 /* MortgageCalculations.swift */,
			);
			name = Interactors;
			sourceTree = "<group>";
		};
		4DCA5DD31C70DE310074F4A4 /* Entities */ = {
			isa = PBXGroup;
			children = (
				4DCA5DD41C70DE3E0074F4A4 /* MortgageData.swift */,
			);
			name = Entities;
			sourceTree = "<group>";
		};
		4DCA5DD61C70DE730074F4A4 /* Presenters */ = {
			isa = PBXGroup;
			children = (
				4DCA5DDE1C725CAA0074F4A4 /* MortgageDisplayItem.swift */,
			);
			name = Presenters;
			sourceTree = "<group>";
		};
		4DCA5DD71C70DE7A0074F4A4 /* Views */ = {
			isa = PBXGroup;
			children = (
				4D953FB91C6EB5F50096565A /* ViewController.swift */,
				4DCA5DD91C70DECD0074F4A4 /* MortgageCalculationInterface.swift */,
			);
			name = Views;
			sourceTree = "<group>";
		};
		4DCA5DD81C70DE820074F4A4 /* Routers */ = {
			isa = PBXGroup;
			children = (
			);
			name = Routers;
			sourceTree = "<group>";
		};
		4DCA5DDB1C725BD30074F4A4 /* Modules */ = {
			isa = PBXGroup;
			children = (
				4DCA5DDC1C725BD90074F4A4 /* Mortgage Calculations */,
			);
			name = Modules;
			sourceTree = "<group>";
		};
		4DCA5DDC1C725BD90074F4A4 /* Mortgage Calculations */ = {
			isa = PBXGroup;
			children = (
				4DCA5DE11C725D0F0074F4A4 /* Module Logic */,
				4DCA5DE01C725CDC0074F4A4 /* Module Interface */,
				4DCA5DDD1C725BEB0074F4A4 /* UI */,
			);
			name = "Mortgage Calculations";
			sourceTree = "<group>";
		};
		4DCA5DDD1C725BEB0074F4A4 /* UI */ = {
			isa = PBXGroup;
			children = (
				4DCA5DD71C70DE7A0074F4A4 /* Views */,
				4DCA5DD61C70DE730074F4A4 /* Presenters */,
			);
			name = UI;
			sourceTree = "<group>";
		};
		4DCA5DE01C725CDC0074F4A4 /* Module Interface */ = {
			isa = PBXGroup;
			children = (
			);
			name = "Module Interface";
			sourceTree = "<group>";
		};
		4DCA5DE11C725D0F0074F4A4 /* Module Logic */ = {
			isa = PBXGroup;
			children = (
				4DCA5DD01C70DD940074F4A4 /* Interactors */,
			);
			name = "Module Logic";
			sourceTree = "<group>";
		};
/* End PBXGroup section */

/* Begin PBXNativeTarget section */
		4D953FB31C6EB5F50096565A /* EasyMortgage */ = {
			isa = PBXNativeTarget;
			buildConfigurationList = 4D953FDC1C6EB5F50096565A /* Build configuration list for PBXNativeTarget "EasyMortgage" */;
			buildPhases = (
				4D953FB01C6EB5F50096565A /* Sources */,
				4D953FB11C6EB5F50096565A /* Frameworks */,
				4D953FB21C6EB5F50096565A /* Resources */,
			);
			buildRules = (
			);
			dependencies = (
			);
			name = EasyMortgage;
			productName = EasyMortgage;
			productReference = 4D953FB41C6EB5F50096565A /* EasyMortgage.app */;
			productType = "com.apple.product-type.application";
		};
		4D953FC71C6EB5F50096565A /* EasyMortgageTests */ = {
			isa = PBXNativeTarget;
			buildConfigurationList = 4D953FDF1C6EB5F50096565A /* Build configuration list for PBXNativeTarget "EasyMortgageTests" */;
			buildPhases = (
				4D953FC41C6EB5F50096565A /* Sources */,
				4D953FC51C6EB5F50096565A /* Frameworks */,
				4D953FC61C6EB5F50096565A /* Resources */,
			);
			buildRules = (
			);
			dependencies = (
				4D953FCA1C6EB5F50096565A /* PBXTargetDependency */,
			);
			name = EasyMortgageTests;
			productName = EasyMortgageTests;
			productReference = 4D953FC81C6EB5F50096565A /* EasyMortgageTests.xctest */;
			productType = "com.apple.product-type.bundle.unit-test";
		};
		4D953FD21C6EB5F50096565A /* EasyMortgageUITests */ = {
			isa = PBXNativeTarget;
			buildConfigurationList = 4D953FE21C6EB5F50096565A /* Build configuration list for PBXNativeTarget "EasyMortgageUITests" */;
			buildPhases = (
				4D953FCF1C6EB5F50096565A /* Sources */,
				4D953FD01C6EB5F50096565A /* Frameworks */,
				4D953FD11C6EB5F50096565A /* Resources */,
			);
			buildRules = (
			);
			dependencies = (
				4D953FD51C6EB5F50096565A /* PBXTargetDependency */,
			);
			name = EasyMortgageUITests;
			productName = EasyMortgageUITests;
			productReference = 4D953FD31C6EB5F50096565A /* EasyMortgageUITests.xctest */;
			productType = "com.apple.product-type.bundle.ui-testing";
		};
/* End PBXNativeTarget section */

/* Begin PBXProject section */
		4D953FAC1C6EB5F50096565A /* Project object */ = {
			isa = PBXProject;
			attributes = {
				LastSwiftUpdateCheck = 0720;
				LastUpgradeCheck = 0720;
				ORGANIZATIONNAME = LawTech;
				TargetAttributes = {
					4D953FB31C6EB5F50096565A = {
						CreatedOnToolsVersion = 7.2.1;
					};
					4D953FC71C6EB5F50096565A = {
						CreatedOnToolsVersion = 7.2.1;
						TestTargetID = 4D953FB31C6EB5F50096565A;
					};
					4D953FD21C6EB5F50096565A = {
						CreatedOnToolsVersion = 7.2.1;
						TestTargetID = 4D953FB31C6EB5F50096565A;
					};
				};
			};
			buildConfigurationList = 4D953FAF1C6EB5F50096565A /* Build configuration list for PBXProject "EasyMortgage" */;
			compatibilityVersion = "Xcode 3.2";
			developmentRegion = English;
			hasScannedForEncodings = 0;
			knownRegions = (
				en,
				Base,
			);
			mainGroup = 4D953FAB1C6EB5F50096565A;
			productRefGroup = 4D953FB51C6EB5F50096565A /* Products */;
			projectDirPath = "";
			projectRoot = "";
			targets = (
				4D953FB31C6EB5F50096565A /* EasyMortgage */,
				4D953FC71C6EB5F50096565A /* EasyMortgageTests */,
				4D953FD21C6EB5F50096565A /* EasyMortgageUITests */,
			);
		};
/* End PBXProject section */

/* Begin PBXResourcesBuildPhase section */
		4D953FB21C6EB5F50096565A /* Resources */ = {
			isa = PBXResourcesBuildPhase;
			buildActionMask = 2147483647;
			files = (
				4D953FC21C6EB5F50096565A /* LaunchScreen.storyboard in Resources */,
				4D953FBF1C6EB5F50096565A /* Assets.xcassets in Resources */,
				4D953FBD1C6EB5F50096565A /* Main.storyboard in Resources */,
			);
			runOnlyForDeploymentPostprocessing = 0;
		};
		4D953FC61C6EB5F50096565A /* Resources */ = {
			isa = PBXResourcesBuildPhase;
			buildActionMask = 2147483647;
			files = (
			);
			runOnlyForDeploymentPostprocessing = 0;
		};
		4D953FD11C6EB5F50096565A /* Resources */ = {
			isa = PBXResourcesBuildPhase;
			buildActionMask = 2147483647;
			files = (
			);
			runOnlyForDeploymentPostprocessing = 0;
		};
/* End PBXResourcesBuildPhase section */

/* Begin PBXSourcesBuildPhase section */
		4D953FB01C6EB5F50096565A /* Sources */ = {
			isa = PBXSourcesBuildPhase;
			buildActionMask = 2147483647;
			files = (
				4DCA5DD21C70DDB70074F4A4 /* MortgageCalculations.swift in Sources */,
				4DCA5DD51C70DE3E0074F4A4 /* MortgageData.swift in Sources */,
				4DCA5DDA1C70DECD0074F4A4 /* MortgageCalculationInterface.swift in Sources */,
				4DCA5DDF1C725CAA0074F4A4 /* MortgageDisplayItem.swift in Sources */,
				4D953FBA1C6EB5F50096565A /* ViewController.swift in Sources */,
				4D953FB81C6EB5F50096565A /* AppDelegate.swift in Sources */,
			);
			runOnlyForDeploymentPostprocessing = 0;
		};
		4D953FC41C6EB5F50096565A /* Sources */ = {
			isa = PBXSourcesBuildPhase;
			buildActionMask = 2147483647;
			files = (
				4D953FCD1C6EB5F50096565A /* EasyMortgageTests.swift in Sources */,
			);
			runOnlyForDeploymentPostprocessing = 0;
		};
		4D953FCF1C6EB5F50096565A /* Sources */ = {
			isa = PBXSourcesBuildPhase;
			buildActionMask = 2147483647;
			files = (
				4D953FD81C6EB5F50096565A /* EasyMortgageUITests.swift in Sources */,
			);
			runOnlyForDeploymentPostprocessing = 0;
		};
/* End PBXSourcesBuildPhase section */

/* Begin PBXTargetDependency section */
		4D953FCA1C6EB5F50096565A /* PBXTargetDependency */ = {
			isa = PBXTargetDependency;
			target = 4D953FB31C6EB5F50096565A /* EasyMortgage */;
			targetProxy = 4D953FC91C6EB5F50096565A /* PBXContainerItemProxy */;
		};
		4D953FD51C6EB5F50096565A /* PBXTargetDependency */ = {
			isa = PBXTargetDependency;
			target = 4D953FB31C6EB5F50096565A /* EasyMortgage */;
			targetProxy = 4D953FD41C6EB5F50096565A /* PBXContainerItemProxy */;
		};
/* End PBXTargetDependency section */

/* Begin PBXVariantGroup section */
		4D953FBB1C6EB5F50096565A /* Main.storyboard */ = {
			isa = PBXVariantGroup;
			children = (
				4D953FBC1C6EB5F50096565A /* Base */,
			);
			name = Main.storyboard;
			sourceTree = "<group>";
		};
		4D953FC01C6EB5F50096565A /* LaunchScreen.storyboard */ = {
			isa = PBXVariantGroup;
			children = (
				4D953FC11C6EB5F50096565A /* Base */,
			);
			name = LaunchScreen.storyboard;
			sourceTree = "<group>";
		};
/* End PBXVariantGroup section */

/* Begin XCBuildConfiguration section */
		4D953FDA1C6EB5F50096565A /* Debug */ = {
			isa = XCBuildConfiguration;
			buildSettings = {
				ALWAYS_SEARCH_USER_PATHS = NO;
				CLANG_CXX_LANGUAGE_STANDARD = "gnu++0x";
				CLANG_CXX_LIBRARY = "libc++";
				CLANG_ENABLE_MODULES = YES;
				CLANG_ENABLE_OBJC_ARC = YES;
				CLANG_WARN_BOOL_CONVERSION = YES;
				CLANG_WARN_CONSTANT_CONVERSION = YES;
				CLANG_WARN_DIRECT_OBJC_ISA_USAGE = YES_ERROR;
				CLANG_WARN_EMPTY_BODY = YES;
				CLANG_WARN_ENUM_CONVERSION = YES;
				CLANG_WARN_INT_CONVERSION = YES;
				CLANG_WARN_OBJC_ROOT_CLASS = YES_ERROR;
				CLANG_WARN_UNREACHABLE_CODE = YES;
				CLANG_WARN__DUPLICATE_METHOD_MATCH = YES;
				"CODE_SIGN_IDENTITY[sdk=iphoneos*]" = "iPhone Developer";
				COPY_PHASE_STRIP = NO;
				DEBUG_INFORMATION_FORMAT = dwarf;
				ENABLE_STRICT_OBJC_MSGSEND = YES;
				ENABLE_TESTABILITY = YES;
				GCC_C_LANGUAGE_STANDARD = gnu99;
				GCC_DYNAMIC_NO_PIC = NO;
				GCC_NO_COMMON_BLOCKS = YES;
				GCC_OPTIMIZATION_LEVEL = 0;
				GCC_PREPROCESSOR_DEFINITIONS = (
					"DEBUG=1",
					"$(inherited)",
				);
				GCC_WARN_64_TO_32_BIT_CONVERSION = YES;
				GCC_WARN_ABOUT_RETURN_TYPE = YES_ERROR;
				GCC_WARN_UNDECLARED_SELECTOR = YES;
				GCC_WARN_UNINITIALIZED_AUTOS = YES_AGGRESSIVE;
				GCC_WARN_UNUSED_FUNCTION = YES;
				GCC_WARN_UNUSED_VARIABLE = YES;
				IPHONEOS_DEPLOYMENT_TARGET = 9.2;
				MTL_ENABLE_DEBUG_INFO = YES;
				ONLY_ACTIVE_ARCH = YES;
				SDKROOT = iphoneos;
				SWIFT_OPTIMIZATION_LEVEL = "-Onone";
				TARGETED_DEVICE_FAMILY = "1,2";
			};
			name = Debug;
		};
		4D953FDB1C6EB5F50096565A /* Release */ = {
			isa = XCBuildConfiguration;
			buildSettings = {
				ALWAYS_SEARCH_USER_PATHS = NO;
				CLANG_CXX_LANGUAGE_STANDARD = "gnu++0x";
				CLANG_CXX_LIBRARY = "libc++";
				CLANG_ENABLE_MODULES = YES;
				CLANG_ENABLE_OBJC_ARC = YES;
				CLANG_WARN_BOOL_CONVERSION = YES;
				CLANG_WARN_CONSTANT_CONVERSION = YES;
				CLANG_WARN_DIRECT_OBJC_ISA_USAGE = YES_ERROR;
				CLANG_WARN_EMPTY_BODY = YES;
				CLANG_WARN_ENUM_CONVERSION = YES;
				CLANG_WARN_INT_CONVERSION = YES;
				CLANG_WARN_OBJC_ROOT_CLASS = YES_ERROR;
				CLANG_WARN_UNREACHABLE_CODE = YES;
				CLANG_WARN__DUPLICATE_METHOD_MATCH = YES;
				"CODE_SIGN_IDENTITY[sdk=iphoneos*]" = "iPhone Developer";
				COPY_PHASE_STRIP = NO;
				DEBUG_INFORMATION_FORMAT = "dwarf-with-dsym";
				ENABLE_NS_ASSERTIONS = NO;
				ENABLE_STRICT_OBJC_MSGSEND = YES;
				GCC_C_LANGUAGE_STANDARD = gnu99;
				GCC_NO_COMMON_BLOCKS = YES;
				GCC_WARN_64_TO_32_BIT_CONVERSION = YES;
				GCC_WARN_ABOUT_RETURN_TYPE = YES_ERROR;
				GCC_WARN_UNDECLARED_SELECTOR = YES;
				GCC_WARN_UNINITIALIZED_AUTOS = YES_AGGRESSIVE;
				GCC_WARN_UNUSED_FUNCTION = YES;
				GCC_WARN_UNUSED_VARIABLE = YES;
				IPHONEOS_DEPLOYMENT_TARGET = 9.2;
				MTL_ENABLE_DEBUG_INFO = NO;
				SDKROOT = iphoneos;
				TARGETED_DEVICE_FAMILY = "1,2";
				VALIDATE_PRODUCT = YES;
			};
			name = Release;
		};
		4D953FDD1C6EB5F50096565A /* Debug */ = {
			isa = XCBuildConfiguration;
			buildSettings = {
				ASSETCATALOG_COMPILER_APPICON_NAME = AppIcon;
				INFOPLIST_FILE = EasyMortgage/Info.plist;
				LD_RUNPATH_SEARCH_PATHS = "$(inherited) @executable_path/Frameworks";
				PRODUCT_BUNDLE_IDENTIFIER = com.jlaw.EasyMortgage;
				PRODUCT_NAME = "$(TARGET_NAME)";
			};
			name = Debug;
		};
		4D953FDE1C6EB5F50096565A /* Release */ = {
			isa = XCBuildConfiguration;
			buildSettings = {
				ASSETCATALOG_COMPILER_APPICON_NAME = AppIcon;
				INFOPLIST_FILE = EasyMortgage/Info.plist;
				LD_RUNPATH_SEARCH_PATHS = "$(inherited) @executable_path/Frameworks";
				PRODUCT_BUNDLE_IDENTIFIER = com.jlaw.EasyMortgage;
				PRODUCT_NAME = "$(TARGET_NAME)";
			};
			name = Release;
		};
		4D953FE01C6EB5F50096565A /* Debug */ = {
			isa = XCBuildConfiguration;
			buildSettings = {
				BUNDLE_LOADER = "$(TEST_HOST)";
				INFOPLIST_FILE = EasyMortgageTests/Info.plist;
				LD_RUNPATH_SEARCH_PATHS = "$(inherited) @executable_path/Frameworks @loader_path/Frameworks";
				PRODUCT_BUNDLE_IDENTIFIER = com.jlaw.EasyMortgageTests;
				PRODUCT_NAME = "$(TARGET_NAME)";
				TEST_HOST = "$(BUILT_PRODUCTS_DIR)/EasyMortgage.app/EasyMortgage";
			};
			name = Debug;
		};
		4D953FE11C6EB5F50096565A /* Release */ = {
			isa = XCBuildConfiguration;
			buildSettings = {
				BUNDLE_LOADER = "$(TEST_HOST)";
				INFOPLIST_FILE = EasyMortgageTests/Info.plist;
				LD_RUNPATH_SEARCH_PATHS = "$(inherited) @executable_path/Frameworks @loader_path/Frameworks";
				PRODUCT_BUNDLE_IDENTIFIER = com.jlaw.EasyMortgageTests;
				PRODUCT_NAME = "$(TARGET_NAME)";
				TEST_HOST = "$(BUILT_PRODUCTS_DIR)/EasyMortgage.app/EasyMortgage";
			};
			name = Release;
		};
		4D953FE31C6EB5F50096565A /* Debug */ = {
			isa = XCBuildConfiguration;
			buildSettings = {
				INFOPLIST_FILE = EasyMortgageUITests/Info.plist;
				LD_RUNPATH_SEARCH_PATHS = "$(inherited) @executable_path/Frameworks @loader_path/Frameworks";
				PRODUCT_BUNDLE_IDENTIFIER = com.jlaw.EasyMortgageUITests;
				PRODUCT_NAME = "$(TARGET_NAME)";
				TEST_TARGET_NAME = EasyMortgage;
				USES_XCTRUNNER = YES;
			};
			name = Debug;
		};
		4D953FE41C6EB5F50096565A /* Release */ = {
			isa = XCBuildConfiguration;
			buildSettings = {
				INFOPLIST_FILE = EasyMortgageUITests/Info.plist;
				LD_RUNPATH_SEARCH_PATHS = "$(inherited) @executable_path/Frameworks @loader_path/Frameworks";
				PRODUCT_BUNDLE_IDENTIFIER = com.jlaw.EasyMortgageUITests;
				PRODUCT_NAME = "$(TARGET_NAME)";
				TEST_TARGET_NAME = EasyMortgage;
				USES_XCTRUNNER = YES;
			};
			name = Release;
		};
/* End XCBuildConfiguration section */

/* Begin XCConfigurationList section */
		4D953FAF1C6EB5F50096565A /* Build configuration list for PBXProject "EasyMortgage" */ = {
			isa = XCConfigurationList;
			buildConfigurations = (
				4D953FDA1C6EB5F50096565A /* Debug */,
				4D953FDB1C6EB5F50096565A /* Release */,
			);
			defaultConfigurationIsVisible = 0;
			defaultConfigurationName = Release;
		};
		4D953FDC1C6EB5F50096565A /* Build configuration list for PBXNativeTarget "EasyMortgage" */ = {
			isa = XCConfigurationList;
			buildConfigurations = (
				4D953FDD1C6EB5F50096565A /* Debug */,
				4D953FDE1C6EB5F50096565A /* Release */,
			);
			defaultConfigurationIsVisible = 0;
			defaultConfigurationName = Release;
		};
		4D953FDF1C6EB5F50096565A /* Build configuration list for PBXNativeTarget "EasyMortgageTests" */ = {
			isa = XCConfigurationList;
			buildConfigurations = (
				4D953FE01C6EB5F50096565A /* Debug */,
				4D953FE11C6EB5F50096565A /* Release */,
			);
			defaultConfigurationIsVisible = 0;
			defaultConfigurationName = Release;
		};
		4D953FE21C6EB5F50096565A /* Build configuration list for PBXNativeTarget "EasyMortgageUITests" */ = {
			isa = XCConfigurationList;
			buildConfigurations = (
				4D953FE31C6EB5F50096565A /* Debug */,
				4D953FE41C6EB5F50096565A /* Release */,
			);
			defaultConfigurationIsVisible = 0;
			defaultConfigurationName = Release;
		};
/* End XCConfigurationList section */
	};
	rootObject = 4D953FAC1C6EB5F50096565A /* Project object */;
}
